
Microsoft Visual Studio Solution File, Format Version 12.00
# Visual Studio Version 16
VisualStudioVersion = 16.0.30204.135
MinimumVisualStudioVersion = 10.0.40219.1
Project("{FAE04EC0-301F-11D3-BF4B-00C04F79EFBC}") = "AspNetCoreIdentitySample", "AspNetCoreIdentitySample\AspNetCoreIdentitySample.csproj", "{B2211F23-1476-4580-BF70-20B05F78DAFC}"
EndProject
Global
	GlobalSection(SolutionConfigurationPlatforms) = preSolution
		Debug|Any CPU = Debug|Any CPU
		Release|Any CPU = Release|Any CPU
	EndGlobalSection
	GlobalSection(ProjectConfigurationPlatforms) = postSolution
		{B2211F23-1476-4580-BF70-20B05F78DAFC}.Debug|Any CPU.ActiveCfg = Debug|Any CPU
		{B2211F23-1476-4580-BF70-20B05F78DAFC}.Debug|Any CPU.Build.0 = Debug|Any CPU
		{B2211F23-1476-4580-BF70-20B05F78DAFC}.Release|Any CPU.ActiveCfg = Release|Any CPU
		{B2211F23-1476-4580-BF70-20B05F78DAFC}.Release|Any CPU.Build.0 = Release|Any CPU
	EndGlobalSection
	GlobalSection(SolutionProperties) = preSolution
		HideSolutionNode = FALSE
	EndGlobalSection
	GlobalSection(ExtensibilityGlobals) = postSolution
		SolutionGuid = {69AD0151-5F56-4253-A562-33EC594D40B8}
	EndGlobalSection
EndGlobal
